<Solution>
  <Project Path="Use Case 2_OnlineOrderProcessing&amp;StatusNotifications/Use Case 2_OnlineOrderProcessing&amp;StatusNotifications.csproj" Id="01c5dde0-0fa7-45c9-9dad-3b316a38261f" />
  <Project Path="UseCase1_Payroll&amp;Salary_Processing/UseCase1_Payroll&amp;Salary_Processing.csproj" />
</Solution>
